
Microsoft Visual Studio Solution File, Format Version 12.00
# Visual Studio Version 17
VisualStudioVersion = 17.13.35828.75
MinimumVisualStudioVersion = 10.0.40219.1
Project("{FAE04EC0-301F-11D3-BF4B-00C04F79EFBC}") = "ArtFusion", "222303026_proje3\ArtFusion.csproj", "{6077E90E-BE36-494D-9BEC-EA666E33FFEE}"
EndProject
Project("{54435603-DBB4-11D2-8724-00A0C9A8B90C}") = "ArtFusion Setup", "ArtFusion Setup\ArtFusion Setup.vdproj", "{3AD41D56-C8AA-EB51-7A8F-9BAD54B048B5}"
EndProject
Global
	GlobalSection(SolutionConfigurationPlatforms) = preSolution
		Debug|Any CPU = Debug|Any CPU
		Debug|x64 = Debug|x64
		Release|Any CPU = Release|Any CPU
		Release|x64 = Release|x64
	EndGlobalSection
	GlobalSection(ProjectConfigurationPlatforms) = postSolution
		{6077E90E-BE36-494D-9BEC-EA666E33FFEE}.Debug|Any CPU.ActiveCfg = Debug|Any CPU
		{6077E90E-BE36-494D-9BEC-EA666E33FFEE}.Debug|Any CPU.Build.0 = Debug|Any CPU
		{6077E90E-BE36-494D-9BEC-EA666E33FFEE}.Debug|x64.ActiveCfg = Debug|x64
		{6077E90E-BE36-494D-9BEC-EA666E33FFEE}.Debug|x64.Build.0 = Debug|x64
		{6077E90E-BE36-494D-9BEC-EA666E33FFEE}.Release|Any CPU.ActiveCfg = Release|Any CPU
		{6077E90E-BE36-494D-9BEC-EA666E33FFEE}.Release|Any CPU.Build.0 = Release|Any CPU
		{6077E90E-BE36-494D-9BEC-EA666E33FFEE}.Release|x64.ActiveCfg = Release|x64
		{6077E90E-BE36-494D-9BEC-EA666E33FFEE}.Release|x64.Build.0 = Release|x64
		{3AD41D56-C8AA-EB51-7A8F-9BAD54B048B5}.Debug|Any CPU.ActiveCfg = Debug
		{3AD41D56-C8AA-EB51-7A8F-9BAD54B048B5}.Debug|x64.ActiveCfg = Debug
		{3AD41D56-C8AA-EB51-7A8F-9BAD54B048B5}.Release|Any CPU.ActiveCfg = Release
		{3AD41D56-C8AA-EB51-7A8F-9BAD54B048B5}.Release|x64.ActiveCfg = Release
	EndGlobalSection
	GlobalSection(SolutionProperties) = preSolution
		HideSolutionNode = FALSE
	EndGlobalSection
	GlobalSection(ExtensibilityGlobals) = postSolution
		SolutionGuid = {2DC59BB6-D9C8-46DC-A748-29322E205227}
	EndGlobalSection
EndGlobal
